# THIS IS AN AUTOGENERATED FILE. DO NOT EDIT THIS FILE DIRECTLY.
# yarn lockfile v1


"@msgpack/msgpack@^3.0.0-beta2":
  version "3.0.0-beta2"
  resolved "https://registry.yarnpkg.com/@msgpack/msgpack/-/msgpack-3.0.0-beta2.tgz#5bccee30f84df220b33905e3d8249ba96deca0b7"
  integrity sha512-y+l1PNV0XDyY8sM3YtuMLK5vE3/hkfId+Do8pLo/OPxfxuFAUwcGz3oiiUuV46/aBpwTzZ+mRWVMtlSKbradhw==
